{
  "version": 4,
  "terraform_version": "0.13.5",
  "serial": 21,
  "lineage": "01a5ad85-71dd-454f-3f73-f0a159bc22ff",
  "outputs": {},
  "resources": [
    {
      "mode": "managed",
      "type": "google_pubsub_topic",
      "name": "item-005",
      "provider": "provider[\"registry.terraform.io/hashicorp/google\"]",
      "instances": [
        {
          "schema_version": 0,
          "attributes": {
            "id": "projects/manhattan-active-omni/topics/tbi-mao-gerard-storage-005",
            "kms_key_name": "",
            "labels": null,
            "message_storage_policy": [],
            "name": "tbi-mao-gerard-storage-005",
            "project": "manhattan-active-omni",
            "timeouts": null
          },
          "private": "eyJlMmJmYjczMC1lY2FhLTExZTYtOGY4OC0zNDM2M2JjN2M0YzAiOnsiY3JlYXRlIjozNjAwMDAwMDAwMDAsImRlbGV0ZSI6MjQwMDAwMDAwMDAwLCJ1cGRhdGUiOjM2MDAwMDAwMDAwMH19"
        }
      ]
    },
    {
      "module": "module.cloudstorage",
      "mode": "managed",
      "type": "google_storage_bucket",
      "name": "storage-001",
      "provider": "provider[\"registry.terraform.io/hashicorp/google\"]",
      "instances": [
        {
          "schema_version": 0,
          "attributes": {
            "bucket_policy_only": true,
            "cors": [],
            "default_event_based_hold": false,
            "encryption": [],
            "force_destroy": true,
            "id": "tbi-mao-gerard-storage-001",
            "labels": null,
            "lifecycle_rule": [],
            "location": "US",
            "logging": [],
            "name": "tbi-mao-gerard-storage-001",
            "project": "manhattan-active-omni",
            "requester_pays": false,
            "retention_policy": [],
            "self_link": "https://www.googleapis.com/storage/v1/b/tbi-mao-gerard-storage-001",
            "storage_class": "STANDARD",
            "uniform_bucket_level_access": true,
            "url": "gs://tbi-mao-gerard-storage-001",
            "versioning": [],
            "website": []
          },
          "private": "bnVsbA=="
        }
      ]
    },
    {
      "module": "module.cloudstorage",
      "mode": "managed",
      "type": "google_storage_bucket",
      "name": "storage-002",
      "provider": "provider[\"registry.terraform.io/hashicorp/google\"]",
      "instances": [
        {
          "schema_version": 0,
          "attributes": {
            "bucket_policy_only": true,
            "cors": [],
            "default_event_based_hold": false,
            "encryption": [],
            "force_destroy": true,
            "id": "tbi-mao-gerard-storage-002",
            "labels": null,
            "lifecycle_rule": [],
            "location": "US",
            "logging": [],
            "name": "tbi-mao-gerard-storage-002",
            "project": "manhattan-active-omni",
            "requester_pays": false,
            "retention_policy": [],
            "self_link": "https://www.googleapis.com/storage/v1/b/tbi-mao-gerard-storage-002",
            "storage_class": "STANDARD",
            "uniform_bucket_level_access": true,
            "url": "gs://tbi-mao-gerard-storage-002",
            "versioning": [],
            "website": []
          },
          "private": "bnVsbA=="
        }
      ]
    },
    {
      "module": "module.cloudstorage",
      "mode": "managed",
      "type": "google_storage_bucket",
      "name": "storage-004-1",
      "provider": "provider[\"registry.terraform.io/hashicorp/google\"]",
      "instances": [
        {
          "schema_version": 0,
          "attributes": {
            "bucket_policy_only": true,
            "cors": [],
            "default_event_based_hold": false,
            "encryption": [],
            "force_destroy": true,
            "id": "tbi-mao-gerard-storage-004",
            "labels": null,
            "lifecycle_rule": [],
            "location": "US",
            "logging": [],
            "name": "tbi-mao-gerard-storage-004",
            "project": "manhattan-active-omni",
            "requester_pays": false,
            "retention_policy": [],
            "self_link": "https://www.googleapis.com/storage/v1/b/tbi-mao-gerard-storage-004",
            "storage_class": "STANDARD",
            "uniform_bucket_level_access": true,
            "url": "gs://tbi-mao-gerard-storage-004",
            "versioning": [],
            "website": []
          },
          "private": "bnVsbA=="
        }
      ]
    },
    {
      "module": "module.pubsub",
      "mode": "managed",
      "type": "google_pubsub_subscription",
      "name": "itemimage",
      "provider": "provider[\"registry.terraform.io/hashicorp/google\"]",
      "instances": [
        {
          "schema_version": 0,
          "attributes": {
            "ack_deadline_seconds": 20,
            "dead_letter_policy": [],
            "enable_message_ordering": false,
            "expiration_policy": [
              {
                "ttl": "300000.500s"
              }
            ],
            "filter": "",
            "id": "projects/manhattan-active-omni/subscriptions/tst1-item-image-series-001",
            "labels": {
              "foo": "bar"
            },
            "message_retention_duration": "1200s",
            "name": "tst1-item-image-series-001",
            "path": "projects//subscriptions/tst1-item-image-series-001",
            "project": "manhattan-active-omni",
            "push_config": [],
            "retain_acked_messages": true,
            "retry_policy": [
              {
                "maximum_backoff": "600s",
                "minimum_backoff": "10s"
              }
            ],
            "timeouts": null,
            "topic": "projects/manhattan-active-omni/topics/tst1-item-image-series-001"
          },
          "private": "eyJlMmJmYjczMC1lY2FhLTExZTYtOGY4OC0zNDM2M2JjN2M0YzAiOnsiY3JlYXRlIjozNjAwMDAwMDAwMDAsImRlbGV0ZSI6MjQwMDAwMDAwMDAwLCJ1cGRhdGUiOjM2MDAwMDAwMDAwMH19",
          "dependencies": [
            "module.pubsub.google_pubsub_topic.itemimage"
          ]
        }
      ]
    },
    {
      "module": "module.pubsub",
      "mode": "managed",
      "type": "google_pubsub_topic",
      "name": "itemimage",
      "provider": "provider[\"registry.terraform.io/hashicorp/google\"]",
      "instances": [
        {
          "schema_version": 0,
          "attributes": {
            "id": "projects/manhattan-active-omni/topics/tst1-item-image-series-001",
            "kms_key_name": "",
            "labels": null,
            "message_storage_policy": [],
            "name": "tst1-item-image-series-001",
            "project": "manhattan-active-omni",
            "timeouts": null
          },
          "private": "eyJlMmJmYjczMC1lY2FhLTExZTYtOGY4OC0zNDM2M2JjN2M0YzAiOnsiY3JlYXRlIjozNjAwMDAwMDAwMDAsImRlbGV0ZSI6MjQwMDAwMDAwMDAwLCJ1cGRhdGUiOjM2MDAwMDAwMDAwMH19"
        }
      ]
    }
  ]
}
